// !$*UTF8*$!
{
	archiveVersion = 1;
	classes = {
	};
	objectVersion = 48;
	objects = {

/* Begin PBXBuildFile section */
		5C45744F1FE26C8D00FC2A55 /* Today.storyboard in Resources */ = {isa = PBXBuildFile; fileRef = 5C45744E1FE26C8D00FC2A55 /* Today.storyboard */; };
		5C4574511FE26CA800FC2A55 /* Wardrobe.storyboard in Resources */ = {isa = PBXBuildFile; fileRef = 5C4574501FE26CA800FC2A55 /* Wardrobe.storyboard */; };
		5C4574551FE26D1400FC2A55 /* Me.storyboard in Resources */ = {isa = PBXBuildFile; fileRef = 5C4574541FE26D1400FC2A55 /* Me.storyboard */; };
		7B31D5AB1FE15F780038DA6E /* Wardrobe.swift in Sources */ = {isa = PBXBuildFile; fileRef = 7B31D5A61FE15F780038DA6E /* Wardrobe.swift */; };
		7B31D5AC1FE15F780038DA6E /* Clothes.swift in Sources */ = {isa = PBXBuildFile; fileRef = 7B31D5A71FE15F780038DA6E /* Clothes.swift */; };
		7B31D5AD1FE15F780038DA6E /* Enumerations.swift in Sources */ = {isa = PBXBuildFile; fileRef = 7B31D5A81FE15F780038DA6E /* Enumerations.swift */; };
		7B81F9E51FE2A4B900C29D53 /* User.swift in Sources */ = {isa = PBXBuildFile; fileRef = 7B81F9E31FE2A4B900C29D53 /* User.swift */; };
		7B81F9E61FE2A4B900C29D53 /* Outfit.swift in Sources */ = {isa = PBXBuildFile; fileRef = 7B81F9E41FE2A4B900C29D53 /* Outfit.swift */; };
		7B8DA5721FD98C54003E9785 /* AppDelegate.swift in Sources */ = {isa = PBXBuildFile; fileRef = 7B8DA5711FD98C54003E9785 /* AppDelegate.swift */; };
		7B8DA5771FD98C54003E9785 /* Main.storyboard in Resources */ = {isa = PBXBuildFile; fileRef = 7B8DA5751FD98C54003E9785 /* Main.storyboard */; };
		7B8DA5791FD98C54003E9785 /* Assets.xcassets in Resources */ = {isa = PBXBuildFile; fileRef = 7B8DA5781FD98C54003E9785 /* Assets.xcassets */; };
		7B8DA57C1FD98C54003E9785 /* LaunchScreen.storyboard in Resources */ = {isa = PBXBuildFile; fileRef = 7B8DA57A1FD98C54003E9785 /* LaunchScreen.storyboard */; };
		7BEF79581FE3CE6C009901FE /* AvatarImageContext.swift in Sources */ = {isa = PBXBuildFile; fileRef = 7BEF79571FE3CE6C009901FE /* AvatarImageContext.swift */; };
		B13097D61FE280460095C750 /* WardrobeTableViewController.swift in Sources */ = {isa = PBXBuildFile; fileRef = B13097D51FE280460095C750 /* WardrobeTableViewController.swift */; };
		E04187B51FE13989007E5E83 /* Weather.swift in Sources */ = {isa = PBXBuildFile; fileRef = E04187B41FE13989007E5E83 /* Weather.swift */; };
		E04187B71FE13A85007E5E83 /* Geolocation.swift in Sources */ = {isa = PBXBuildFile; fileRef = E04187B61FE13A85007E5E83 /* Geolocation.swift */; };
/* End PBXBuildFile section */

/* Begin PBXFileReference section */
		5C45744E1FE26C8D00FC2A55 /* Today.storyboard */ = {isa = PBXFileReference; fileEncoding = 4; lastKnownFileType = file.storyboard; path = Today.storyboard; sourceTree = "<group>"; };
		5C4574501FE26CA800FC2A55 /* Wardrobe.storyboard */ = {isa = PBXFileReference; fileEncoding = 4; lastKnownFileType = file.storyboard; path = Wardrobe.storyboard; sourceTree = "<group>"; };
		5C4574541FE26D1400FC2A55 /* Me.storyboard */ = {isa = PBXFileReference; fileEncoding = 4; lastKnownFileType = file.storyboard; path = Me.storyboard; sourceTree = "<group>"; };
		7B31D5A61FE15F780038DA6E /* Wardrobe.swift */ = {isa = PBXFileReference; fileEncoding = 4; lastKnownFileType = sourcecode.swift; path = Wardrobe.swift; sourceTree = "<group>"; };
		7B31D5A71FE15F780038DA6E /* Clothes.swift */ = {isa = PBXFileReference; fileEncoding = 4; lastKnownFileType = sourcecode.swift; path = Clothes.swift; sourceTree = "<group>"; };
		7B31D5A81FE15F780038DA6E /* Enumerations.swift */ = {isa = PBXFileReference; fileEncoding = 4; lastKnownFileType = sourcecode.swift; path = Enumerations.swift; sourceTree = "<group>"; };
		7B81F9E31FE2A4B900C29D53 /* User.swift */ = {isa = PBXFileReference; fileEncoding = 4; lastKnownFileType = sourcecode.swift; path = User.swift; sourceTree = "<group>"; };
		7B81F9E41FE2A4B900C29D53 /* Outfit.swift */ = {isa = PBXFileReference; fileEncoding = 4; lastKnownFileType = sourcecode.swift; path = Outfit.swift; sourceTree = "<group>"; };
		7B8DA56E1FD98C54003E9785 /* DressApp.app */ = {isa = PBXFileReference; explicitFileType = wrapper.application; includeInIndex = 0; path = DressApp.app; sourceTree = BUILT_PRODUCTS_DIR; };
		7B8DA5711FD98C54003E9785 /* AppDelegate.swift */ = {isa = PBXFileReference; lastKnownFileType = sourcecode.swift; path = AppDelegate.swift; sourceTree = "<group>"; };
		7B8DA5761FD98C54003E9785 /* Base */ = {isa = PBXFileReference; lastKnownFileType = file.storyboard; name = Base; path = Base.lproj/Main.storyboard; sourceTree = "<group>"; };
		7B8DA5781FD98C54003E9785 /* Assets.xcassets */ = {isa = PBXFileReference; lastKnownFileType = folder.assetcatalog; path = Assets.xcassets; sourceTree = "<group>"; };
		7B8DA57B1FD98C54003E9785 /* Base */ = {isa = PBXFileReference; lastKnownFileType = file.storyboard; name = Base; path = Base.lproj/LaunchScreen.storyboard; sourceTree = "<group>"; };
		7B8DA57D1FD98C54003E9785 /* Info.plist */ = {isa = PBXFileReference; lastKnownFileType = text.plist.xml; path = Info.plist; sourceTree = "<group>"; };
		7BEF79571FE3CE6C009901FE /* AvatarImageContext.swift */ = {isa = PBXFileReference; lastKnownFileType = sourcecode.swift; name = AvatarImageContext.swift; path = DressApp/Utility/AvatarImageContext.swift; sourceTree = SOURCE_ROOT; };
		B13097D51FE280460095C750 /* WardrobeTableViewController.swift */ = {isa = PBXFileReference; lastKnownFileType = sourcecode.swift; path = WardrobeTableViewController.swift; sourceTree = "<group>"; };
		E04187B41FE13989007E5E83 /* Weather.swift */ = {isa = PBXFileReference; lastKnownFileType = sourcecode.swift; path = Weather.swift; sourceTree = "<group>"; };
		E04187B61FE13A85007E5E83 /* Geolocation.swift */ = {isa = PBXFileReference; lastKnownFileType = sourcecode.swift; name = Geolocation.swift; path = DressApp/Utility/Geolocation.swift; sourceTree = SOURCE_ROOT; };
/* End PBXFileReference section */

/* Begin PBXFrameworksBuildPhase section */
		7B8DA56B1FD98C54003E9785 /* Frameworks */ = {
			isa = PBXFrameworksBuildPhase;
			buildActionMask = 2147483647;
			files = (
			);
			runOnlyForDeploymentPostprocessing = 0;
		};
/* End PBXFrameworksBuildPhase section */

/* Begin PBXGroup section */
		7B1BA2761FE19068008351A5 /* Utility */ = {
			isa = PBXGroup;
			children = (
				E04187B61FE13A85007E5E83 /* Geolocation.swift */,
				E04187B41FE13989007E5E83 /* Weather.swift */,
				7BEF79571FE3CE6C009901FE /* AvatarImageContext.swift */,
			);
			name = Utility;
			path = DressApp/Utility;
			sourceTree = SOURCE_ROOT;
		};
		7B31D5A41FE15F780038DA6E /* Data */ = {
			isa = PBXGroup;
			children = (
				7B81F9E41FE2A4B900C29D53 /* Outfit.swift */,
				7B81F9E31FE2A4B900C29D53 /* User.swift */,
				7B31D5A61FE15F780038DA6E /* Wardrobe.swift */,
				7B31D5A71FE15F780038DA6E /* Clothes.swift */,
				7B31D5A81FE15F780038DA6E /* Enumerations.swift */,
			);
			name = Data;
			path = ../../../DressApp/DressApp/DressApp/Data;
			sourceTree = "<group>";
		};
		7B7DCD791FD997110024F2B8 /* Storyboards */ = {
			isa = PBXGroup;
			children = (
				5C4574541FE26D1400FC2A55 /* Me.storyboard */,
				5C4574501FE26CA800FC2A55 /* Wardrobe.storyboard */,
				5C45744E1FE26C8D00FC2A55 /* Today.storyboard */,
			);
			path = Storyboards;
			sourceTree = "<group>";
		};
		7B7DCD7C1FD997110024F2B8 /* ViewController */ = {
			isa = PBXGroup;
			children = (
				B13097D51FE280460095C750 /* WardrobeTableViewController.swift */,
			);
			path = ViewController;
			sourceTree = "<group>";
		};
		7B8DA5651FD98C54003E9785 = {
			isa = PBXGroup;
			children = (
				7B8DA5701FD98C54003E9785 /* DressApp */,
				7B8DA56F1FD98C54003E9785 /* Products */,
			);
			sourceTree = "<group>";
		};
		7B8DA56F1FD98C54003E9785 /* Products */ = {
			isa = PBXGroup;
			children = (
				7B8DA56E1FD98C54003E9785 /* DressApp.app */,
			);
			name = Products;
			sourceTree = "<group>";
		};
		7B8DA5701FD98C54003E9785 /* DressApp */ = {
			isa = PBXGroup;
			children = (
				7B31D5A41FE15F780038DA6E /* Data */,
				7B7DCD791FD997110024F2B8 /* Storyboards */,
				7B1BA2761FE19068008351A5 /* Utility */,
				7B7DCD7C1FD997110024F2B8 /* ViewController */,
				7B8DA5711FD98C54003E9785 /* AppDelegate.swift */,
				7B8DA5751FD98C54003E9785 /* Main.storyboard */,
				7B8DA5781FD98C54003E9785 /* Assets.xcassets */,
				7B8DA57A1FD98C54003E9785 /* LaunchScreen.storyboard */,
				7B8DA57D1FD98C54003E9785 /* Info.plist */,
			);
			path = DressApp;
			sourceTree = "<group>";
		};
/* End PBXGroup section */

/* Begin PBXNativeTarget section */
		7B8DA56D1FD98C54003E9785 /* DressApp */ = {
			isa = PBXNativeTarget;
			buildConfigurationList = 7B8DA5801FD98C54003E9785 /* Build configuration list for PBXNativeTarget "DressApp" */;
			buildPhases = (
				7B8DA56A1FD98C54003E9785 /* Sources */,
				7B8DA56B1FD98C54003E9785 /* Frameworks */,
				7B8DA56C1FD98C54003E9785 /* Resources */,
			);
			buildRules = (
			);
			dependencies = (
			);
			name = DressApp;
			productName = DressApp;
			productReference = 7B8DA56E1FD98C54003E9785 /* DressApp.app */;
			productType = "com.apple.product-type.application";
		};
/* End PBXNativeTarget section */

/* Begin PBXProject section */
		7B8DA5661FD98C54003E9785 /* Project object */ = {
			isa = PBXProject;
			attributes = {
				LastSwiftUpdateCheck = 0910;
				LastUpgradeCheck = 0910;
				ORGANIZATIONNAME = "Checkmate Team";
				TargetAttributes = {
					7B8DA56D1FD98C54003E9785 = {
						CreatedOnToolsVersion = 9.1;
						ProvisioningStyle = Automatic;
					};
				};
			};
			buildConfigurationList = 7B8DA5691FD98C54003E9785 /* Build configuration list for PBXProject "DressApp" */;
			compatibilityVersion = "Xcode 8.0";
			developmentRegion = en;
			hasScannedForEncodings = 0;
			knownRegions = (
				en,
				Base,
			);
			mainGroup = 7B8DA5651FD98C54003E9785;
			productRefGroup = 7B8DA56F1FD98C54003E9785 /* Products */;
			projectDirPath = "";
			projectRoot = "";
			targets = (
				7B8DA56D1FD98C54003E9785 /* DressApp */,
			);
		};
/* End PBXProject section */

/* Begin PBXResourcesBuildPhase section */
		7B8DA56C1FD98C54003E9785 /* Resources */ = {
			isa = PBXResourcesBuildPhase;
			buildActionMask = 2147483647;
			files = (
				5C45744F1FE26C8D00FC2A55 /* Today.storyboard in Resources */,
				5C4574511FE26CA800FC2A55 /* Wardrobe.storyboard in Resources */,
				5C4574551FE26D1400FC2A55 /* Me.storyboard in Resources */,
				7B8DA57C1FD98C54003E9785 /* LaunchScreen.storyboard in Resources */,
				7B8DA5791FD98C54003E9785 /* Assets.xcassets in Resources */,
				7B8DA5771FD98C54003E9785 /* Main.storyboard in Resources */,
			);
			runOnlyForDeploymentPostprocessing = 0;
		};
/* End PBXResourcesBuildPhase section */

/* Begin PBXSourcesBuildPhase section */
		7B8DA56A1FD98C54003E9785 /* Sources */ = {
			isa = PBXSourcesBuildPhase;
			buildActionMask = 2147483647;
			files = (
				E04187B51FE13989007E5E83 /* Weather.swift in Sources */,
				7B31D5AC1FE15F780038DA6E /* Clothes.swift in Sources */,
				7BEF79581FE3CE6C009901FE /* AvatarImageContext.swift in Sources */,
				7B8DA5721FD98C54003E9785 /* AppDelegate.swift in Sources */,
				7B31D5AB1FE15F780038DA6E /* Wardrobe.swift in Sources */,
				7B81F9E51FE2A4B900C29D53 /* User.swift in Sources */,
				7B81F9E61FE2A4B900C29D53 /* Outfit.swift in Sources */,
				B13097D61FE280460095C750 /* WardrobeTableViewController.swift in Sources */,
				E04187B71FE13A85007E5E83 /* Geolocation.swift in Sources */,
				7B31D5AD1FE15F780038DA6E /* Enumerations.swift in Sources */,
			);
			runOnlyForDeploymentPostprocessing = 0;
		};
/* End PBXSourcesBuildPhase section */

/* Begin PBXVariantGroup section */
		7B8DA5751FD98C54003E9785 /* Main.storyboard */ = {
			isa = PBXVariantGroup;
			children = (
				7B8DA5761FD98C54003E9785 /* Base */,
			);
			name = Main.storyboard;
			sourceTree = "<group>";
		};
		7B8DA57A1FD98C54003E9785 /* LaunchScreen.storyboard */ = {
			isa = PBXVariantGroup;
			children = (
				7B8DA57B1FD98C54003E9785 /* Base */,
			);
			name = LaunchScreen.storyboard;
			sourceTree = "<group>";
		};
/* End PBXVariantGroup section */

/* Begin XCBuildConfiguration section */
		7B8DA57E1FD98C54003E9785 /* Debug */ = {
			isa = XCBuildConfiguration;
			buildSettings = {
				ALWAYS_SEARCH_USER_PATHS = NO;
				CLANG_ANALYZER_NONNULL = YES;
				CLANG_ANALYZER_NUMBER_OBJECT_CONVERSION = YES_AGGRESSIVE;
				CLANG_CXX_LANGUAGE_STANDARD = "gnu++14";
				CLANG_CXX_LIBRARY = "libc++";
				CLANG_ENABLE_MODULES = YES;
				CLANG_ENABLE_OBJC_ARC = YES;
				CLANG_WARN_BLOCK_CAPTURE_AUTORELEASING = YES;
				CLANG_WARN_BOOL_CONVERSION = YES;
				CLANG_WARN_COMMA = YES;
				CLANG_WARN_CONSTANT_CONVERSION = YES;
				CLANG_WARN_DIRECT_OBJC_ISA_USAGE = YES_ERROR;
				CLANG_WARN_DOCUMENTATION_COMMENTS = YES;
				CLANG_WARN_EMPTY_BODY = YES;
				CLANG_WARN_ENUM_CONVERSION = YES;
				CLANG_WARN_INFINITE_RECURSION = YES;
				CLANG_WARN_INT_CONVERSION = YES;
				CLANG_WARN_NON_LITERAL_NULL_CONVERSION = YES;
				CLANG_WARN_OBJC_LITERAL_CONVERSION = YES;
				CLANG_WARN_OBJC_ROOT_CLASS = YES_ERROR;
				CLANG_WARN_RANGE_LOOP_ANALYSIS = YES;
				CLANG_WARN_STRICT_PROTOTYPES = YES;
				CLANG_WARN_SUSPICIOUS_MOVE = YES;
				CLANG_WARN_UNGUARDED_AVAILABILITY = YES_AGGRESSIVE;
				CLANG_WARN_UNREACHABLE_CODE = YES;
				CLANG_WARN__DUPLICATE_METHOD_MATCH = YES;
				CODE_SIGN_IDENTITY = "iPhone Developer";
				COPY_PHASE_STRIP = NO;
				DEBUG_INFORMATION_FORMAT = dwarf;
				ENABLE_STRICT_OBJC_MSGSEND = YES;
				ENABLE_TESTABILITY = YES;
				GCC_C_LANGUAGE_STANDARD = gnu11;
				GCC_DYNAMIC_NO_PIC = NO;
				GCC_NO_COMMON_BLOCKS = YES;
				GCC_OPTIMIZATION_LEVEL = 0;
				GCC_PREPROCESSOR_DEFINITIONS = (
					"DEBUG=1",
					"$(inherited)",
				);
				GCC_WARN_64_TO_32_BIT_CONVERSION = YES;
				GCC_WARN_ABOUT_RETURN_TYPE = YES_ERROR;
				GCC_WARN_UNDECLARED_SELECTOR = YES;
				GCC_WARN_UNINITIALIZED_AUTOS = YES_AGGRESSIVE;
				GCC_WARN_UNUSED_FUNCTION = YES;
				GCC_WARN_UNUSED_VARIABLE = YES;
				IPHONEOS_DEPLOYMENT_TARGET = 11.1;
				MTL_ENABLE_DEBUG_INFO = YES;
				ONLY_ACTIVE_ARCH = YES;
				SDKROOT = iphoneos;
				SWIFT_ACTIVE_COMPILATION_CONDITIONS = DEBUG;
				SWIFT_OPTIMIZATION_LEVEL = "-Onone";
			};
			name = Debug;
		};
		7B8DA57F1FD98C54003E9785 /* Release */ = {
			isa = XCBuildConfiguration;
			buildSettings = {
				ALWAYS_SEARCH_USER_PATHS = NO;
				CLANG_ANALYZER_NONNULL = YES;
				CLANG_ANALYZER_NUMBER_OBJECT_CONVERSION = YES_AGGRESSIVE;
				CLANG_CXX_LANGUAGE_STANDARD = "gnu++14";
				CLANG_CXX_LIBRARY = "libc++";
				CLANG_ENABLE_MODULES = YES;
				CLANG_ENABLE_OBJC_ARC = YES;
				CLANG_WARN_BLOCK_CAPTURE_AUTORELEASING = YES;
				CLANG_WARN_BOOL_CONVERSION = YES;
				CLANG_WARN_COMMA = YES;
				CLANG_WARN_CONSTANT_CONVERSION = YES;
				CLANG_WARN_DIRECT_OBJC_ISA_USAGE = YES_ERROR;
				CLANG_WARN_DOCUMENTATION_COMMENTS = YES;
				CLANG_WARN_EMPTY_BODY = YES;
				CLANG_WARN_ENUM_CONVERSION = YES;
				CLANG_WARN_INFINITE_RECURSION = YES;
				CLANG_WARN_INT_CONVERSION = YES;
				CLANG_WARN_NON_LITERAL_NULL_CONVERSION = YES;
				CLANG_WARN_OBJC_LITERAL_CONVERSION = YES;
				CLANG_WARN_OBJC_ROOT_CLASS = YES_ERROR;
				CLANG_WARN_RANGE_LOOP_ANALYSIS = YES;
				CLANG_WARN_STRICT_PROTOTYPES = YES;
				CLANG_WARN_SUSPICIOUS_MOVE = YES;
				CLANG_WARN_UNGUARDED_AVAILABILITY = YES_AGGRESSIVE;
				CLANG_WARN_UNREACHABLE_CODE = YES;
				CLANG_WARN__DUPLICATE_METHOD_MATCH = YES;
				CODE_SIGN_IDENTITY = "iPhone Developer";
				COPY_PHASE_STRIP = NO;
				DEBUG_INFORMATION_FORMAT = "dwarf-with-dsym";
				ENABLE_NS_ASSERTIONS = NO;
				ENABLE_STRICT_OBJC_MSGSEND = YES;
				GCC_C_LANGUAGE_STANDARD = gnu11;
				GCC_NO_COMMON_BLOCKS = YES;
				GCC_WARN_64_TO_32_BIT_CONVERSION = YES;
				GCC_WARN_ABOUT_RETURN_TYPE = YES_ERROR;
				GCC_WARN_UNDECLARED_SELECTOR = YES;
				GCC_WARN_UNINITIALIZED_AUTOS = YES_AGGRESSIVE;
				GCC_WARN_UNUSED_FUNCTION = YES;
				GCC_WARN_UNUSED_VARIABLE = YES;
				IPHONEOS_DEPLOYMENT_TARGET = 11.1;
				MTL_ENABLE_DEBUG_INFO = NO;
				SDKROOT = iphoneos;
				SWIFT_OPTIMIZATION_LEVEL = "-Owholemodule";
				VALIDATE_PRODUCT = YES;
			};
			name = Release;
		};
		7B8DA5811FD98C54003E9785 /* Debug */ = {
			isa = XCBuildConfiguration;
			buildSettings = {
				ASSETCATALOG_COMPILER_APPICON_NAME = AppIcon;
				CODE_SIGN_STYLE = Automatic;
				DEVELOPMENT_TEAM = 9ZVMLP4E42;
				INFOPLIST_FILE = DressApp/Info.plist;
				LD_RUNPATH_SEARCH_PATHS = "$(inherited) @executable_path/Frameworks";
				PRODUCT_BUNDLE_IDENTIFIER = com.iosda2017.CloudKitProjects.DressApp;
				PRODUCT_NAME = "$(TARGET_NAME)";
				SWIFT_VERSION = 4.0;
				TARGETED_DEVICE_FAMILY = "1,2";
			};
			name = Debug;
		};
		7B8DA5821FD98C54003E9785 /* Release */ = {
			isa = XCBuildConfiguration;
			buildSettings = {
				ASSETCATALOG_COMPILER_APPICON_NAME = AppIcon;
				CODE_SIGN_STYLE = Automatic;
				DEVELOPMENT_TEAM = 9ZVMLP4E42;
				INFOPLIST_FILE = DressApp/Info.plist;
				LD_RUNPATH_SEARCH_PATHS = "$(inherited) @executable_path/Frameworks";
				PRODUCT_BUNDLE_IDENTIFIER = com.iosda2017.CloudKitProjects.DressApp;
				PRODUCT_NAME = "$(TARGET_NAME)";
				SWIFT_VERSION = 4.0;
				TARGETED_DEVICE_FAMILY = "1,2";
			};
			name = Release;
		};
/* End XCBuildConfiguration section */

/* Begin XCConfigurationList section */
		7B8DA5691FD98C54003E9785 /* Build configuration list for PBXProject "DressApp" */ = {
			isa = XCConfigurationList;
			buildConfigurations = (
				7B8DA57E1FD98C54003E9785 /* Debug */,
				7B8DA57F1FD98C54003E9785 /* Release */,
			);
			defaultConfigurationIsVisible = 0;
			defaultConfigurationName = Release;
		};
		7B8DA5801FD98C54003E9785 /* Build configuration list for PBXNativeTarget "DressApp" */ = {
			isa = XCConfigurationList;
			buildConfigurations = (
				7B8DA5811FD98C54003E9785 /* Debug */,
				7B8DA5821FD98C54003E9785 /* Release */,
			);
			defaultConfigurationIsVisible = 0;
			defaultConfigurationName = Release;
		};
/* End XCConfigurationList section */
	};
	rootObject = 7B8DA5661FD98C54003E9785 /* Project object */;
}
